
Microsoft Visual Studio Solution File, Format Version 12.00
# Visual Studio Version 17
VisualStudioVersion = 17.8.34316.72
MinimumVisualStudioVersion = 10.0.40219.1
Project("{9A19103F-16F7-4668-BE54-9A1E7A4F7556}") = "TaskManagerApi", "TaskManagerApi\TaskManagerApi.csproj", "{0B6D9D54-C382-4D32-97D9-BB03F7D75F50}"
EndProject
Project("{FAE04EC0-301F-11D3-BF4B-00C04F79EFBC}") = "DataBase", "DataBase\DataBase.csproj", "{EF9F1D85-43E0-4C11-BD49-6B0FA558B1C1}"
EndProject
Global
	GlobalSection(SolutionConfigurationPlatforms) = preSolution
		Debug|Any CPU = Debug|Any CPU
		Release|Any CPU = Release|Any CPU
	EndGlobalSection
	GlobalSection(ProjectConfigurationPlatforms) = postSolution
		{0B6D9D54-C382-4D32-97D9-BB03F7D75F50}.Debug|Any CPU.ActiveCfg = Debug|Any CPU
		{0B6D9D54-C382-4D32-97D9-BB03F7D75F50}.Debug|Any CPU.Build.0 = Debug|Any CPU
		{0B6D9D54-C382-4D32-97D9-BB03F7D75F50}.Release|Any CPU.ActiveCfg = Release|Any CPU
		{0B6D9D54-C382-4D32-97D9-BB03F7D75F50}.Release|Any CPU.Build.0 = Release|Any CPU
		{EF9F1D85-43E0-4C11-BD49-6B0FA558B1C1}.Debug|Any CPU.ActiveCfg = Debug|Any CPU
		{EF9F1D85-43E0-4C11-BD49-6B0FA558B1C1}.Debug|Any CPU.Build.0 = Debug|Any CPU
		{EF9F1D85-43E0-4C11-BD49-6B0FA558B1C1}.Release|Any CPU.ActiveCfg = Release|Any CPU
		{EF9F1D85-43E0-4C11-BD49-6B0FA558B1C1}.Release|Any CPU.Build.0 = Release|Any CPU
	EndGlobalSection
	GlobalSection(SolutionProperties) = preSolution
		HideSolutionNode = FALSE
	EndGlobalSection
	GlobalSection(ExtensibilityGlobals) = postSolution
		SolutionGuid = {95D21007-CBE8-43B1-B595-BBD0D5618BD2}
	EndGlobalSection
EndGlobal
